
Microsoft Visual Studio Solution File, Format Version 12.00
# Visual Studio Version 16
VisualStudioVersion = 16.0.29209.62
MinimumVisualStudioVersion = 10.0.40219.1
Project("{FAE04EC0-301F-11D3-BF4B-00C04F79EFBC}") = "CorePortfolio01-JeffPaltridge", "CorePortfolio01-JeffPaltridge\CorePortfolio01-JeffPaltridge.csproj", "{211058CA-9421-4D16-97DA-B61365A113AD}"
EndProject
Global
	GlobalSection(SolutionConfigurationPlatforms) = preSolution
		Debug|Any CPU = Debug|Any CPU
		Release|Any CPU = Release|Any CPU
	EndGlobalSection
	GlobalSection(ProjectConfigurationPlatforms) = postSolution
		{211058CA-9421-4D16-97DA-B61365A113AD}.Debug|Any CPU.ActiveCfg = Debug|Any CPU
		{211058CA-9421-4D16-97DA-B61365A113AD}.Debug|Any CPU.Build.0 = Debug|Any CPU
		{211058CA-9421-4D16-97DA-B61365A113AD}.Release|Any CPU.ActiveCfg = Release|Any CPU
		{211058CA-9421-4D16-97DA-B61365A113AD}.Release|Any CPU.Build.0 = Release|Any CPU
	EndGlobalSection
	GlobalSection(SolutionProperties) = preSolution
		HideSolutionNode = FALSE
	EndGlobalSection
	GlobalSection(ExtensibilityGlobals) = postSolution
		SolutionGuid = {3344C02A-6962-4BCF-BB40-3B85EA0D3A8E}
	EndGlobalSection
EndGlobal
