
Microsoft Visual Studio Solution File, Format Version 12.00
# Visual Studio Version 16
VisualStudioVersion = 16.0.29209.62
MinimumVisualStudioVersion = 10.0.40219.1
Project("{FAE04EC0-301F-11D3-BF4B-00C04F79EFBC}") = "Conditions", "Conditions\Conditions.csproj", "{219FD3C0-F71A-4E95-9801-EC8A3221683A}"
EndProject
Global
	GlobalSection(SolutionConfigurationPlatforms) = preSolution
		Debug|Any CPU = Debug|Any CPU
		Release|Any CPU = Release|Any CPU
	EndGlobalSection
	GlobalSection(ProjectConfigurationPlatforms) = postSolution
		{219FD3C0-F71A-4E95-9801-EC8A3221683A}.Debug|Any CPU.ActiveCfg = Debug|Any CPU
		{219FD3C0-F71A-4E95-9801-EC8A3221683A}.Debug|Any CPU.Build.0 = Debug|Any CPU
		{219FD3C0-F71A-4E95-9801-EC8A3221683A}.Release|Any CPU.ActiveCfg = Release|Any CPU
		{219FD3C0-F71A-4E95-9801-EC8A3221683A}.Release|Any CPU.Build.0 = Release|Any CPU
	EndGlobalSection
	GlobalSection(SolutionProperties) = preSolution
		HideSolutionNode = FALSE
	EndGlobalSection
	GlobalSection(ExtensibilityGlobals) = postSolution
		SolutionGuid = {1460626D-CCB6-4A68-8339-4E6FD689036B}
	EndGlobalSection
EndGlobal
