
Microsoft Visual Studio Solution File, Format Version 12.00
# Visual Studio Version 16
VisualStudioVersion = 16.0.29209.62
MinimumVisualStudioVersion = 10.0.40219.1
Project("{FAE04EC0-301F-11D3-BF4B-00C04F79EFBC}") = "CorePortfolio03-JeffPaltridge", "CorePortfolio03-JeffPaltridge\CorePortfolio03-JeffPaltridge.csproj", "{464BD60A-95EF-451C-8F44-8B482E0F8633}"
EndProject
Global
	GlobalSection(SolutionConfigurationPlatforms) = preSolution
		Debug|Any CPU = Debug|Any CPU
		Release|Any CPU = Release|Any CPU
	EndGlobalSection
	GlobalSection(ProjectConfigurationPlatforms) = postSolution
		{464BD60A-95EF-451C-8F44-8B482E0F8633}.Debug|Any CPU.ActiveCfg = Debug|Any CPU
		{464BD60A-95EF-451C-8F44-8B482E0F8633}.Debug|Any CPU.Build.0 = Debug|Any CPU
		{464BD60A-95EF-451C-8F44-8B482E0F8633}.Release|Any CPU.ActiveCfg = Release|Any CPU
		{464BD60A-95EF-451C-8F44-8B482E0F8633}.Release|Any CPU.Build.0 = Release|Any CPU
	EndGlobalSection
	GlobalSection(SolutionProperties) = preSolution
		HideSolutionNode = FALSE
	EndGlobalSection
	GlobalSection(ExtensibilityGlobals) = postSolution
		SolutionGuid = {79A139A1-B39F-4F1F-A270-5CFA8C5C2AF2}
	EndGlobalSection
EndGlobal
