
Microsoft Visual Studio Solution File, Format Version 12.00
# Visual Studio Version 16
VisualStudioVersion = 16.0.29209.62
MinimumVisualStudioVersion = 10.0.40219.1
Project("{FAE04EC0-301F-11D3-BF4B-00C04F79EFBC}") = "Iteration-Posttest", "Iteration-Posttest\Iteration-Posttest.csproj", "{C0E6353B-F098-487E-BBB5-72C70DA8FCC9}"
EndProject
Global
	GlobalSection(SolutionConfigurationPlatforms) = preSolution
		Debug|Any CPU = Debug|Any CPU
		Release|Any CPU = Release|Any CPU
	EndGlobalSection
	GlobalSection(ProjectConfigurationPlatforms) = postSolution
		{C0E6353B-F098-487E-BBB5-72C70DA8FCC9}.Debug|Any CPU.ActiveCfg = Debug|Any CPU
		{C0E6353B-F098-487E-BBB5-72C70DA8FCC9}.Debug|Any CPU.Build.0 = Debug|Any CPU
		{C0E6353B-F098-487E-BBB5-72C70DA8FCC9}.Release|Any CPU.ActiveCfg = Release|Any CPU
		{C0E6353B-F098-487E-BBB5-72C70DA8FCC9}.Release|Any CPU.Build.0 = Release|Any CPU
	EndGlobalSection
	GlobalSection(SolutionProperties) = preSolution
		HideSolutionNode = FALSE
	EndGlobalSection
	GlobalSection(ExtensibilityGlobals) = postSolution
		SolutionGuid = {7E62197E-71BB-400C-9256-8CB3651D3F95}
	EndGlobalSection
EndGlobal
