
Microsoft Visual Studio Solution File, Format Version 12.00
# Visual Studio Version 16
VisualStudioVersion = 16.0.29709.97
MinimumVisualStudioVersion = 10.0.40219.1
Project("{FAE04EC0-301F-11D3-BF4B-00C04F79EFBC}") = "ClassAndObjects", "ClassAndObjects\ClassAndObjects.csproj", "{7AEFFBBB-F7B2-44BE-951F-BD0CE2CC5743}"
EndProject
Project("{FAE04EC0-301F-11D3-BF4B-00C04F79EFBC}") = "ConstructorsAndList", "..\ConstructorsAndList\ConstructorsAndList.csproj", "{D3B0B80B-FED7-4871-80E7-48C6405CCBCF}"
EndProject
Global
	GlobalSection(SolutionConfigurationPlatforms) = preSolution
		Debug|Any CPU = Debug|Any CPU
		Release|Any CPU = Release|Any CPU
	EndGlobalSection
	GlobalSection(ProjectConfigurationPlatforms) = postSolution
		{7AEFFBBB-F7B2-44BE-951F-BD0CE2CC5743}.Debug|Any CPU.ActiveCfg = Debug|Any CPU
		{7AEFFBBB-F7B2-44BE-951F-BD0CE2CC5743}.Debug|Any CPU.Build.0 = Debug|Any CPU
		{7AEFFBBB-F7B2-44BE-951F-BD0CE2CC5743}.Release|Any CPU.ActiveCfg = Release|Any CPU
		{7AEFFBBB-F7B2-44BE-951F-BD0CE2CC5743}.Release|Any CPU.Build.0 = Release|Any CPU
		{D3B0B80B-FED7-4871-80E7-48C6405CCBCF}.Debug|Any CPU.ActiveCfg = Debug|Any CPU
		{D3B0B80B-FED7-4871-80E7-48C6405CCBCF}.Debug|Any CPU.Build.0 = Debug|Any CPU
		{D3B0B80B-FED7-4871-80E7-48C6405CCBCF}.Release|Any CPU.ActiveCfg = Release|Any CPU
		{D3B0B80B-FED7-4871-80E7-48C6405CCBCF}.Release|Any CPU.Build.0 = Release|Any CPU
	EndGlobalSection
	GlobalSection(SolutionProperties) = preSolution
		HideSolutionNode = FALSE
	EndGlobalSection
	GlobalSection(ExtensibilityGlobals) = postSolution
		SolutionGuid = {EEAB0BF5-DF02-4B50-B4EE-58C088AFCEE3}
	EndGlobalSection
EndGlobal
