
Microsoft Visual Studio Solution File, Format Version 12.00
# Visual Studio Version 16
VisualStudioVersion = 16.0.29209.62
MinimumVisualStudioVersion = 10.0.40219.1
Project("{FAE04EC0-301F-11D3-BF4B-00C04F79EFBC}") = "Variables", "Variables\Variables.csproj", "{D54F0339-1E8B-4A19-B89F-71A81E1D3CAF}"
EndProject
Global
	GlobalSection(SolutionConfigurationPlatforms) = preSolution
		Debug|Any CPU = Debug|Any CPU
		Release|Any CPU = Release|Any CPU
	EndGlobalSection
	GlobalSection(ProjectConfigurationPlatforms) = postSolution
		{D54F0339-1E8B-4A19-B89F-71A81E1D3CAF}.Debug|Any CPU.ActiveCfg = Debug|Any CPU
		{D54F0339-1E8B-4A19-B89F-71A81E1D3CAF}.Debug|Any CPU.Build.0 = Debug|Any CPU
		{D54F0339-1E8B-4A19-B89F-71A81E1D3CAF}.Release|Any CPU.ActiveCfg = Release|Any CPU
		{D54F0339-1E8B-4A19-B89F-71A81E1D3CAF}.Release|Any CPU.Build.0 = Release|Any CPU
	EndGlobalSection
	GlobalSection(SolutionProperties) = preSolution
		HideSolutionNode = FALSE
	EndGlobalSection
	GlobalSection(ExtensibilityGlobals) = postSolution
		SolutionGuid = {272CDA7F-AA28-486E-B689-15E5B4655074}
	EndGlobalSection
EndGlobal
