
Microsoft Visual Studio Solution File, Format Version 12.00
# Visual Studio Version 16
VisualStudioVersion = 16.0.29209.62
MinimumVisualStudioVersion = 10.0.40219.1
Project("{FAE04EC0-301F-11D3-BF4B-00C04F79EFBC}") = "Arrayquestion4", "Arrayquestion4\Arrayquestion4.csproj", "{6D9F3946-4C4F-4524-B491-56521FED9063}"
EndProject
Global
	GlobalSection(SolutionConfigurationPlatforms) = preSolution
		Debug|Any CPU = Debug|Any CPU
		Release|Any CPU = Release|Any CPU
	EndGlobalSection
	GlobalSection(ProjectConfigurationPlatforms) = postSolution
		{6D9F3946-4C4F-4524-B491-56521FED9063}.Debug|Any CPU.ActiveCfg = Debug|Any CPU
		{6D9F3946-4C4F-4524-B491-56521FED9063}.Debug|Any CPU.Build.0 = Debug|Any CPU
		{6D9F3946-4C4F-4524-B491-56521FED9063}.Release|Any CPU.ActiveCfg = Release|Any CPU
		{6D9F3946-4C4F-4524-B491-56521FED9063}.Release|Any CPU.Build.0 = Release|Any CPU
	EndGlobalSection
	GlobalSection(SolutionProperties) = preSolution
		HideSolutionNode = FALSE
	EndGlobalSection
	GlobalSection(ExtensibilityGlobals) = postSolution
		SolutionGuid = {14BEA5EA-6A9F-4F76-AF81-77225F5A4FA6}
	EndGlobalSection
EndGlobal
