
Microsoft Visual Studio Solution File, Format Version 12.00
# Visual Studio Version 16
VisualStudioVersion = 16.0.29709.97
MinimumVisualStudioVersion = 10.0.40219.1
Project("{FAE04EC0-301F-11D3-BF4B-00C04F79EFBC}") = "Behaviors", "Behaviors\Behaviors.csproj", "{5E60DED6-C724-40AF-B825-DB0B44350A93}"
EndProject
Global
	GlobalSection(SolutionConfigurationPlatforms) = preSolution
		Debug|Any CPU = Debug|Any CPU
		Release|Any CPU = Release|Any CPU
	EndGlobalSection
	GlobalSection(ProjectConfigurationPlatforms) = postSolution
		{5E60DED6-C724-40AF-B825-DB0B44350A93}.Debug|Any CPU.ActiveCfg = Debug|Any CPU
		{5E60DED6-C724-40AF-B825-DB0B44350A93}.Debug|Any CPU.Build.0 = Debug|Any CPU
		{5E60DED6-C724-40AF-B825-DB0B44350A93}.Release|Any CPU.ActiveCfg = Release|Any CPU
		{5E60DED6-C724-40AF-B825-DB0B44350A93}.Release|Any CPU.Build.0 = Release|Any CPU
	EndGlobalSection
	GlobalSection(SolutionProperties) = preSolution
		HideSolutionNode = FALSE
	EndGlobalSection
	GlobalSection(ExtensibilityGlobals) = postSolution
		SolutionGuid = {DE8C9012-FD41-4375-96EE-AB1E5CA37D00}
	EndGlobalSection
EndGlobal
