
Microsoft Visual Studio Solution File, Format Version 12.00
# Visual Studio Version 16
VisualStudioVersion = 16.0.29709.97
MinimumVisualStudioVersion = 10.0.40219.1
Project("{FAE04EC0-301F-11D3-BF4B-00C04F79EFBC}") = "StrinIndexOF", "oddsAndEnds\StrinIndexOF.csproj", "{4016DA66-129E-4E12-B0F5-3FE45F48EE52}"
EndProject
Project("{FAE04EC0-301F-11D3-BF4B-00C04F79EFBC}") = "StringReplace", "StringReplace\StringReplace.csproj", "{833C8AE0-6D60-434F-B8E4-AD5009F6A024}"
EndProject
Project("{FAE04EC0-301F-11D3-BF4B-00C04F79EFBC}") = "WriteCSV", "WriteCSV\WriteCSV.csproj", "{AA35E201-BAB8-4A76-863B-C4799BFC36CA}"
EndProject
Global
	GlobalSection(SolutionConfigurationPlatforms) = preSolution
		Debug|Any CPU = Debug|Any CPU
		Release|Any CPU = Release|Any CPU
	EndGlobalSection
	GlobalSection(ProjectConfigurationPlatforms) = postSolution
		{4016DA66-129E-4E12-B0F5-3FE45F48EE52}.Debug|Any CPU.ActiveCfg = Debug|Any CPU
		{4016DA66-129E-4E12-B0F5-3FE45F48EE52}.Debug|Any CPU.Build.0 = Debug|Any CPU
		{4016DA66-129E-4E12-B0F5-3FE45F48EE52}.Release|Any CPU.ActiveCfg = Release|Any CPU
		{4016DA66-129E-4E12-B0F5-3FE45F48EE52}.Release|Any CPU.Build.0 = Release|Any CPU
		{833C8AE0-6D60-434F-B8E4-AD5009F6A024}.Debug|Any CPU.ActiveCfg = Debug|Any CPU
		{833C8AE0-6D60-434F-B8E4-AD5009F6A024}.Debug|Any CPU.Build.0 = Debug|Any CPU
		{833C8AE0-6D60-434F-B8E4-AD5009F6A024}.Release|Any CPU.ActiveCfg = Release|Any CPU
		{833C8AE0-6D60-434F-B8E4-AD5009F6A024}.Release|Any CPU.Build.0 = Release|Any CPU
		{AA35E201-BAB8-4A76-863B-C4799BFC36CA}.Debug|Any CPU.ActiveCfg = Debug|Any CPU
		{AA35E201-BAB8-4A76-863B-C4799BFC36CA}.Debug|Any CPU.Build.0 = Debug|Any CPU
		{AA35E201-BAB8-4A76-863B-C4799BFC36CA}.Release|Any CPU.ActiveCfg = Release|Any CPU
		{AA35E201-BAB8-4A76-863B-C4799BFC36CA}.Release|Any CPU.Build.0 = Release|Any CPU
	EndGlobalSection
	GlobalSection(SolutionProperties) = preSolution
		HideSolutionNode = FALSE
	EndGlobalSection
	GlobalSection(ExtensibilityGlobals) = postSolution
		SolutionGuid = {1AE8D700-87E7-471E-A9A8-1E5B82436E2A}
	EndGlobalSection
EndGlobal
