
Microsoft Visual Studio Solution File, Format Version 12.00
# Visual Studio Version 16
VisualStudioVersion = 16.0.29709.97
MinimumVisualStudioVersion = 10.0.40219.1
Project("{FAE04EC0-301F-11D3-BF4B-00C04F79EFBC}") = "CorePortfolio5-JeffPaltridge", "CorePortfolio5-JeffPaltridge\CorePortfolio5-JeffPaltridge.csproj", "{968B66C9-56D6-46EE-90E1-EE156573799D}"
EndProject
Global
	GlobalSection(SolutionConfigurationPlatforms) = preSolution
		Debug|Any CPU = Debug|Any CPU
		Release|Any CPU = Release|Any CPU
	EndGlobalSection
	GlobalSection(ProjectConfigurationPlatforms) = postSolution
		{968B66C9-56D6-46EE-90E1-EE156573799D}.Debug|Any CPU.ActiveCfg = Debug|Any CPU
		{968B66C9-56D6-46EE-90E1-EE156573799D}.Debug|Any CPU.Build.0 = Debug|Any CPU
		{968B66C9-56D6-46EE-90E1-EE156573799D}.Release|Any CPU.ActiveCfg = Release|Any CPU
		{968B66C9-56D6-46EE-90E1-EE156573799D}.Release|Any CPU.Build.0 = Release|Any CPU
	EndGlobalSection
	GlobalSection(SolutionProperties) = preSolution
		HideSolutionNode = FALSE
	EndGlobalSection
	GlobalSection(ExtensibilityGlobals) = postSolution
		SolutionGuid = {B7A6EDA4-173D-463A-804E-567B9063F9D6}
	EndGlobalSection
EndGlobal
