
Microsoft Visual Studio Solution File, Format Version 12.00
# Visual Studio Version 16
VisualStudioVersion = 16.0.29209.62
MinimumVisualStudioVersion = 10.0.40219.1
Project("{FAE04EC0-301F-11D3-BF4B-00C04F79EFBC}") = "Iteration_PostTest", "Iteration Loops\Iteration_PostTest.csproj", "{8DA08BE9-BAA9-4873-88A7-B1384F92401F}"
EndProject
Global
	GlobalSection(SolutionConfigurationPlatforms) = preSolution
		Debug|Any CPU = Debug|Any CPU
		Release|Any CPU = Release|Any CPU
	EndGlobalSection
	GlobalSection(ProjectConfigurationPlatforms) = postSolution
		{8DA08BE9-BAA9-4873-88A7-B1384F92401F}.Debug|Any CPU.ActiveCfg = Debug|Any CPU
		{8DA08BE9-BAA9-4873-88A7-B1384F92401F}.Debug|Any CPU.Build.0 = Debug|Any CPU
		{8DA08BE9-BAA9-4873-88A7-B1384F92401F}.Release|Any CPU.ActiveCfg = Release|Any CPU
		{8DA08BE9-BAA9-4873-88A7-B1384F92401F}.Release|Any CPU.Build.0 = Release|Any CPU
	EndGlobalSection
	GlobalSection(SolutionProperties) = preSolution
		HideSolutionNode = FALSE
	EndGlobalSection
	GlobalSection(ExtensibilityGlobals) = postSolution
		SolutionGuid = {CBF95D88-DCA4-4AC6-A34A-FDF5971994C9}
	EndGlobalSection
EndGlobal
