
Microsoft Visual Studio Solution File, Format Version 12.00
# Visual Studio Version 16
VisualStudioVersion = 16.0.29215.179
MinimumVisualStudioVersion = 10.0.40219.1
Project("{FAE04EC0-301F-11D3-BF4B-00C04F79EFBC}") = "ClassAndObject", "ClassAndObject\ClassAndObject.csproj", "{E9D4F2AC-F931-4A92-BA65-A1AED7D594BF}"
EndProject
Project("{FAE04EC0-301F-11D3-BF4B-00C04F79EFBC}") = "ConstructorsAndList", "ConstructorsAndList\ConstructorsAndList.csproj", "{20FD40E3-BDFE-4A83-BD8C-BCB554790FC1}"
EndProject
Project("{FAE04EC0-301F-11D3-BF4B-00C04F79EFBC}") = "Behaviours", "Behaviours\Behaviours.csproj", "{BC5617DA-5A05-407E-80B3-27815D1D15E2}"
EndProject
Project("{FAE04EC0-301F-11D3-BF4B-00C04F79EFBC}") = "Composition", "Composition\Composition.csproj", "{8E0D398A-B618-4908-8465-040329EC287F}"
EndProject
Global
	GlobalSection(SolutionConfigurationPlatforms) = preSolution
		Debug|Any CPU = Debug|Any CPU
		Release|Any CPU = Release|Any CPU
	EndGlobalSection
	GlobalSection(ProjectConfigurationPlatforms) = postSolution
		{E9D4F2AC-F931-4A92-BA65-A1AED7D594BF}.Debug|Any CPU.ActiveCfg = Debug|Any CPU
		{E9D4F2AC-F931-4A92-BA65-A1AED7D594BF}.Debug|Any CPU.Build.0 = Debug|Any CPU
		{E9D4F2AC-F931-4A92-BA65-A1AED7D594BF}.Release|Any CPU.ActiveCfg = Release|Any CPU
		{E9D4F2AC-F931-4A92-BA65-A1AED7D594BF}.Release|Any CPU.Build.0 = Release|Any CPU
		{20FD40E3-BDFE-4A83-BD8C-BCB554790FC1}.Debug|Any CPU.ActiveCfg = Debug|Any CPU
		{20FD40E3-BDFE-4A83-BD8C-BCB554790FC1}.Debug|Any CPU.Build.0 = Debug|Any CPU
		{20FD40E3-BDFE-4A83-BD8C-BCB554790FC1}.Release|Any CPU.ActiveCfg = Release|Any CPU
		{20FD40E3-BDFE-4A83-BD8C-BCB554790FC1}.Release|Any CPU.Build.0 = Release|Any CPU
		{BC5617DA-5A05-407E-80B3-27815D1D15E2}.Debug|Any CPU.ActiveCfg = Debug|Any CPU
		{BC5617DA-5A05-407E-80B3-27815D1D15E2}.Debug|Any CPU.Build.0 = Debug|Any CPU
		{BC5617DA-5A05-407E-80B3-27815D1D15E2}.Release|Any CPU.ActiveCfg = Release|Any CPU
		{BC5617DA-5A05-407E-80B3-27815D1D15E2}.Release|Any CPU.Build.0 = Release|Any CPU
		{8E0D398A-B618-4908-8465-040329EC287F}.Debug|Any CPU.ActiveCfg = Debug|Any CPU
		{8E0D398A-B618-4908-8465-040329EC287F}.Debug|Any CPU.Build.0 = Debug|Any CPU
		{8E0D398A-B618-4908-8465-040329EC287F}.Release|Any CPU.ActiveCfg = Release|Any CPU
		{8E0D398A-B618-4908-8465-040329EC287F}.Release|Any CPU.Build.0 = Release|Any CPU
	EndGlobalSection
	GlobalSection(SolutionProperties) = preSolution
		HideSolutionNode = FALSE
	EndGlobalSection
	GlobalSection(ExtensibilityGlobals) = postSolution
		SolutionGuid = {6F107D41-B525-420E-9FE0-870AF32EA6E1}
	EndGlobalSection
EndGlobal
